// !$*UTF8*$!
{
	archiveVersion = 1;
	classes = {
	};
	objectVersion = 46;
	objects = {

/* Begin PBXBuildFile section */
		47189CCC73A1CAEFA8AFF8F8 /* Pods_TuneriOS.framework in Frameworks */ = {isa = PBXBuildFile; fileRef = 637EE515E69A714DD836B5BA /* Pods_TuneriOS.framework */; };
		BB1522C61EFD3CEA00DEDEA5 /* AppDelegate.swift in Sources */ = {isa = PBXBuildFile; fileRef = BB1522C51EFD3CEA00DEDEA5 /* AppDelegate.swift */; };
		BB1522C81EFD3CEA00DEDEA5 /* ViewController.swift in Sources */ = {isa = PBXBuildFile; fileRef = BB1522C71EFD3CEA00DEDEA5 /* ViewController.swift */; };
		BB1522CB1EFD3CEA00DEDEA5 /* Main.storyboard in Resources */ = {isa = PBXBuildFile; fileRef = BB1522C91EFD3CEA00DEDEA5 /* Main.storyboard */; };
		BB1522CD1EFD3CEA00DEDEA5 /* Assets.xcassets in Resources */ = {isa = PBXBuildFile; fileRef = BB1522CC1EFD3CEA00DEDEA5 /* Assets.xcassets */; };
		BB1522D01EFD3CEA00DEDEA5 /* LaunchScreen.storyboard in Resources */ = {isa = PBXBuildFile; fileRef = BB1522CE1EFD3CEA00DEDEA5 /* LaunchScreen.storyboard */; };
/* End PBXBuildFile section */

/* Begin PBXFileReference section */
		637EE515E69A714DD836B5BA /* Pods_TuneriOS.framework */ = {isa = PBXFileReference; explicitFileType = wrapper.framework; includeInIndex = 0; path = Pods_TuneriOS.framework; sourceTree = BUILT_PRODUCTS_DIR; };
		94E483DD5A3F0F645A34F0A1 /* Pods-TuneriOS.release.xcconfig */ = {isa = PBXFileReference; includeInIndex = 1; lastKnownFileType = text.xcconfig; name = "Pods-TuneriOS.release.xcconfig"; path = "Pods/Target Support Files/Pods-TuneriOS/Pods-TuneriOS.release.xcconfig"; sourceTree = "<group>"; };
		BB1522C21EFD3CEA00DEDEA5 /* TuneriOS.app */ = {isa = PBXFileReference; explicitFileType = wrapper.application; includeInIndex = 0; path = TuneriOS.app; sourceTree = BUILT_PRODUCTS_DIR; };
		BB1522C51EFD3CEA00DEDEA5 /* AppDelegate.swift */ = {isa = PBXFileReference; lastKnownFileType = sourcecode.swift; path = AppDelegate.swift; sourceTree = "<group>"; };
		BB1522C71EFD3CEA00DEDEA5 /* ViewController.swift */ = {isa = PBXFileReference; lastKnownFileType = sourcecode.swift; path = ViewController.swift; sourceTree = "<group>"; };
		BB1522CA1EFD3CEA00DEDEA5 /* Base */ = {isa = PBXFileReference; lastKnownFileType = file.storyboard; name = Base; path = Base.lproj/Main.storyboard; sourceTree = "<group>"; };
		BB1522CC1EFD3CEA00DEDEA5 /* Assets.xcassets */ = {isa = PBXFileReference; lastKnownFileType = folder.assetcatalog; path = Assets.xcassets; sourceTree = "<group>"; };
		BB1522CF1EFD3CEA00DEDEA5 /* Base */ = {isa = PBXFileReference; lastKnownFileType = file.storyboard; name = Base; path = Base.lproj/LaunchScreen.storyboard; sourceTree = "<group>"; };
		BB1522D11EFD3CEA00DEDEA5 /* Info.plist */ = {isa = PBXFileReference; lastKnownFileType = text.plist.xml; path = Info.plist; sourceTree = "<group>"; };
		CC52A95B505AFE32D7B3DEE0 /* Pods-TuneriOS.debug.xcconfig */ = {isa = PBXFileReference; includeInIndex = 1; lastKnownFileType = text.xcconfig; name = "Pods-TuneriOS.debug.xcconfig"; path = "Pods/Target Support Files/Pods-TuneriOS/Pods-TuneriOS.debug.xcconfig"; sourceTree = "<group>"; };
/* End PBXFileReference section */

/* Begin PBXFrameworksBuildPhase section */
		BB1522BF1EFD3CEA00DEDEA5 /* Frameworks */ = {
			isa = PBXFrameworksBuildPhase;
			buildActionMask = 2147483647;
			files = (
				47189CCC73A1CAEFA8AFF8F8 /* Pods_TuneriOS.framework in Frameworks */,
			);
			runOnlyForDeploymentPostprocessing = 0;
		};
/* End PBXFrameworksBuildPhase section */

/* Begin PBXGroup section */
		862C5FD8F08E70EF2B7DDF47 /* Pods */ = {
			isa = PBXGroup;
			children = (
				CC52A95B505AFE32D7B3DEE0 /* Pods-TuneriOS.debug.xcconfig */,
				94E483DD5A3F0F645A34F0A1 /* Pods-TuneriOS.release.xcconfig */,
			);
			name = Pods;
			sourceTree = "<group>";
		};
		BB1522B91EFD3CEA00DEDEA5 = {
			isa = PBXGroup;
			children = (
				BB1522C41EFD3CEA00DEDEA5 /* TuneriOS */,
				BB1522C31EFD3CEA00DEDEA5 /* Products */,
				862C5FD8F08E70EF2B7DDF47 /* Pods */,
				CC551F8A3C930E24D879EEC7 /* Frameworks */,
			);
			sourceTree = "<group>";
		};
		BB1522C31EFD3CEA00DEDEA5 /* Products */ = {
			isa = PBXGroup;
			children = (
				BB1522C21EFD3CEA00DEDEA5 /* TuneriOS.app */,
			);
			name = Products;
			sourceTree = "<group>";
		};
		BB1522C41EFD3CEA00DEDEA5 /* TuneriOS */ = {
			isa = PBXGroup;
			children = (
				BB1522C51EFD3CEA00DEDEA5 /* AppDelegate.swift */,
				BB1522C71EFD3CEA00DEDEA5 /* ViewController.swift */,
				BB1522C91EFD3CEA00DEDEA5 /* Main.storyboard */,
				BB1522CC1EFD3CEA00DEDEA5 /* Assets.xcassets */,
				BB1522CE1EFD3CEA00DEDEA5 /* LaunchScreen.storyboard */,
				BB1522D11EFD3CEA00DEDEA5 /* Info.plist */,
			);
			path = TuneriOS;
			sourceTree = "<group>";
		};
		CC551F8A3C930E24D879EEC7 /* Frameworks */ = {
			isa = PBXGroup;
			children = (
				637EE515E69A714DD836B5BA /* Pods_TuneriOS.framework */,
			);
			name = Frameworks;
			sourceTree = "<group>";
		};
/* End PBXGroup section */

/* Begin PBXNativeTarget section */
		BB1522C11EFD3CEA00DEDEA5 /* TuneriOS */ = {
			isa = PBXNativeTarget;
			buildConfigurationList = BB1522D41EFD3CEA00DEDEA5 /* Build configuration list for PBXNativeTarget "TuneriOS" */;
			buildPhases = (
				02EF9815B8A89CA2AE438109 /* [CP] Check Pods Manifest.lock */,
				BB1522BE1EFD3CEA00DEDEA5 /* Sources */,
				BB1522BF1EFD3CEA00DEDEA5 /* Frameworks */,
				BB1522C01EFD3CEA00DEDEA5 /* Resources */,
				A6C8BFAE3898ED19D2508715 /* [CP] Embed Pods Frameworks */,
				82339722F84C471C66C17DDD /* [CP] Copy Pods Resources */,
			);
			buildRules = (
			);
			dependencies = (
			);
			name = TuneriOS;
			productName = TuneriOS;
			productReference = BB1522C21EFD3CEA00DEDEA5 /* TuneriOS.app */;
			productType = "com.apple.product-type.application";
		};
/* End PBXNativeTarget section */

/* Begin PBXProject section */
		BB1522BA1EFD3CEA00DEDEA5 /* Project object */ = {
			isa = PBXProject;
			attributes = {
				LastSwiftUpdateCheck = 0830;
				LastUpgradeCheck = 0830;
				ORGANIZATIONNAME = leapfrog;
				TargetAttributes = {
					BB1522C11EFD3CEA00DEDEA5 = {
						CreatedOnToolsVersion = 8.3.2;
						DevelopmentTeam = 446V7WHT8W;
						ProvisioningStyle = Automatic;
					};
				};
			};
			buildConfigurationList = BB1522BD1EFD3CEA00DEDEA5 /* Build configuration list for PBXProject "TuneriOS" */;
			compatibilityVersion = "Xcode 3.2";
			developmentRegion = English;
			hasScannedForEncodings = 0;
			knownRegions = (
				en,
				Base,
			);
			mainGroup = BB1522B91EFD3CEA00DEDEA5;
			productRefGroup = BB1522C31EFD3CEA00DEDEA5 /* Products */;
			projectDirPath = "";
			projectRoot = "";
			targets = (
				BB1522C11EFD3CEA00DEDEA5 /* TuneriOS */,
			);
		};
/* End PBXProject section */

/* Begin PBXResourcesBuildPhase section */
		BB1522C01EFD3CEA00DEDEA5 /* Resources */ = {
			isa = PBXResourcesBuildPhase;
			buildActionMask = 2147483647;
			files = (
				BB1522D01EFD3CEA00DEDEA5 /* LaunchScreen.storyboard in Resources */,
				BB1522CD1EFD3CEA00DEDEA5 /* Assets.xcassets in Resources */,
				BB1522CB1EFD3CEA00DEDEA5 /* Main.storyboard in Resources */,
			);
			runOnlyForDeploymentPostprocessing = 0;
		};
/* End PBXResourcesBuildPhase section */

/* Begin PBXShellScriptBuildPhase section */
		02EF9815B8A89CA2AE438109 /* [CP] Check Pods Manifest.lock */ = {
			isa = PBXShellScriptBuildPhase;
			buildActionMask = 2147483647;
			files = (
			);
			inputPaths = (
			);
			name = "[CP] Check Pods Manifest.lock";
			outputPaths = (
			);
			runOnlyForDeploymentPostprocessing = 0;
			shellPath = /bin/sh;
			shellScript = "diff \"${PODS_ROOT}/../Podfile.lock\" \"${PODS_ROOT}/Manifest.lock\" > /dev/null\nif [ $? != 0 ] ; then\n    # print error to STDERR\n    echo \"error: The sandbox is not in sync with the Podfile.lock. Run 'pod install' or update your CocoaPods installation.\" >&2\n    exit 1\nfi\n";
			showEnvVarsInLog = 0;
		};
		82339722F84C471C66C17DDD /* [CP] Copy Pods Resources */ = {
			isa = PBXShellScriptBuildPhase;
			buildActionMask = 2147483647;
			files = (
			);
			inputPaths = (
			);
			name = "[CP] Copy Pods Resources";
			outputPaths = (
			);
			runOnlyForDeploymentPostprocessing = 0;
			shellPath = /bin/sh;
			shellScript = "\"${SRCROOT}/Pods/Target Support Files/Pods-TuneriOS/Pods-TuneriOS-resources.sh\"\n";
			showEnvVarsInLog = 0;
		};
		A6C8BFAE3898ED19D2508715 /* [CP] Embed Pods Frameworks */ = {
			isa = PBXShellScriptBuildPhase;
			buildActionMask = 2147483647;
			files = (
			);
			inputPaths = (
			);
			name = "[CP] Embed Pods Frameworks";
			outputPaths = (
			);
			runOnlyForDeploymentPostprocessing = 0;
			shellPath = /bin/sh;
			shellScript = "\"${SRCROOT}/Pods/Target Support Files/Pods-TuneriOS/Pods-TuneriOS-frameworks.sh\"\n";
			showEnvVarsInLog = 0;
		};
/* End PBXShellScriptBuildPhase section */

/* Begin PBXSourcesBuildPhase section */
		BB1522BE1EFD3CEA00DEDEA5 /* Sources */ = {
			isa = PBXSourcesBuildPhase;
			buildActionMask = 2147483647;
			files = (
				BB1522C81EFD3CEA00DEDEA5 /* ViewController.swift in Sources */,
				BB1522C61EFD3CEA00DEDEA5 /* AppDelegate.swift in Sources */,
			);
			runOnlyForDeploymentPostprocessing = 0;
		};
/* End PBXSourcesBuildPhase section */

/* Begin PBXVariantGroup section */
		BB1522C91EFD3CEA00DEDEA5 /* Main.storyboard */ = {
			isa = PBXVariantGroup;
			children = (
				BB1522CA1EFD3CEA00DEDEA5 /* Base */,
			);
			name = Main.storyboard;
			sourceTree = "<group>";
		};
		BB1522CE1EFD3CEA00DEDEA5 /* LaunchScreen.storyboard */ = {
			isa = PBXVariantGroup;
			children = (
				BB1522CF1EFD3CEA00DEDEA5 /* Base */,
			);
			name = LaunchScreen.storyboard;
			sourceTree = "<group>";
		};
/* End PBXVariantGroup section */

/* Begin XCBuildConfiguration section */
		BB1522D21EFD3CEA00DEDEA5 /* Debug */ = {
			isa = XCBuildConfiguration;
			buildSettings = {
				ALWAYS_SEARCH_USER_PATHS = NO;
				CLANG_ANALYZER_NONNULL = YES;
				CLANG_ANALYZER_NUMBER_OBJECT_CONVERSION = YES_AGGRESSIVE;
				CLANG_CXX_LANGUAGE_STANDARD = "gnu++0x";
				CLANG_CXX_LIBRARY = "libc++";
				CLANG_ENABLE_MODULES = YES;
				CLANG_ENABLE_OBJC_ARC = YES;
				CLANG_WARN_BOOL_CONVERSION = YES;
				CLANG_WARN_CONSTANT_CONVERSION = YES;
				CLANG_WARN_DIRECT_OBJC_ISA_USAGE = YES_ERROR;
				CLANG_WARN_DOCUMENTATION_COMMENTS = YES;
				CLANG_WARN_EMPTY_BODY = YES;
				CLANG_WARN_ENUM_CONVERSION = YES;
				CLANG_WARN_INFINITE_RECURSION = YES;
				CLANG_WARN_INT_CONVERSION = YES;
				CLANG_WARN_OBJC_ROOT_CLASS = YES_ERROR;
				CLANG_WARN_SUSPICIOUS_MOVE = YES;
				CLANG_WARN_UNREACHABLE_CODE = YES;
				CLANG_WARN__DUPLICATE_METHOD_MATCH = YES;
				"CODE_SIGN_IDENTITY[sdk=iphoneos*]" = "iPhone Developer";
				COPY_PHASE_STRIP = NO;
				DEBUG_INFORMATION_FORMAT = dwarf;
				ENABLE_STRICT_OBJC_MSGSEND = YES;
				ENABLE_TESTABILITY = YES;
				GCC_C_LANGUAGE_STANDARD = gnu99;
				GCC_DYNAMIC_NO_PIC = NO;
				GCC_NO_COMMON_BLOCKS = YES;
				GCC_OPTIMIZATION_LEVEL = 0;
				GCC_PREPROCESSOR_DEFINITIONS = (
					"DEBUG=1",
					"$(inherited)",
				);
				GCC_WARN_64_TO_32_BIT_CONVERSION = YES;
				GCC_WARN_ABOUT_RETURN_TYPE = YES_ERROR;
				GCC_WARN_UNDECLARED_SELECTOR = YES;
				GCC_WARN_UNINITIALIZED_AUTOS = YES_AGGRESSIVE;
				GCC_WARN_UNUSED_FUNCTION = YES;
				GCC_WARN_UNUSED_VARIABLE = YES;
				IPHONEOS_DEPLOYMENT_TARGET = 10.3;
				MTL_ENABLE_DEBUG_INFO = YES;
				ONLY_ACTIVE_ARCH = YES;
				SDKROOT = iphoneos;
				SWIFT_ACTIVE_COMPILATION_CONDITIONS = DEBUG;
				SWIFT_OPTIMIZATION_LEVEL = "-Onone";
			};
			name = Debug;
		};
		BB1522D31EFD3CEA00DEDEA5 /* Release */ = {
			isa = XCBuildConfiguration;
			buildSettings = {
				ALWAYS_SEARCH_USER_PATHS = NO;
				CLANG_ANALYZER_NONNULL = YES;
				CLANG_ANALYZER_NUMBER_OBJECT_CONVERSION = YES_AGGRESSIVE;
				CLANG_CXX_LANGUAGE_STANDARD = "gnu++0x";
				CLANG_CXX_LIBRARY = "libc++";
				CLANG_ENABLE_MODULES = YES;
				CLANG_ENABLE_OBJC_ARC = YES;
				CLANG_WARN_BOOL_CONVERSION = YES;
				CLANG_WARN_CONSTANT_CONVERSION = YES;
				CLANG_WARN_DIRECT_OBJC_ISA_USAGE = YES_ERROR;
				CLANG_WARN_DOCUMENTATION_COMMENTS = YES;
				CLANG_WARN_EMPTY_BODY = YES;
				CLANG_WARN_ENUM_CONVERSION = YES;
				CLANG_WARN_INFINITE_RECURSION = YES;
				CLANG_WARN_INT_CONVERSION = YES;
				CLANG_WARN_OBJC_ROOT_CLASS = YES_ERROR;
				CLANG_WARN_SUSPICIOUS_MOVE = YES;
				CLANG_WARN_UNREACHABLE_CODE = YES;
				CLANG_WARN__DUPLICATE_METHOD_MATCH = YES;
				"CODE_SIGN_IDENTITY[sdk=iphoneos*]" = "iPhone Developer";
				COPY_PHASE_STRIP = NO;
				DEBUG_INFORMATION_FORMAT = "dwarf-with-dsym";
				ENABLE_NS_ASSERTIONS = NO;
				ENABLE_STRICT_OBJC_MSGSEND = YES;
				GCC_C_LANGUAGE_STANDARD = gnu99;
				GCC_NO_COMMON_BLOCKS = YES;
				GCC_WARN_64_TO_32_BIT_CONVERSION = YES;
				GCC_WARN_ABOUT_RETURN_TYPE = YES_ERROR;
				GCC_WARN_UNDECLARED_SELECTOR = YES;
				GCC_WARN_UNINITIALIZED_AUTOS = YES_AGGRESSIVE;
				GCC_WARN_UNUSED_FUNCTION = YES;
				GCC_WARN_UNUSED_VARIABLE = YES;
				IPHONEOS_DEPLOYMENT_TARGET = 10.3;
				MTL_ENABLE_DEBUG_INFO = NO;
				SDKROOT = iphoneos;
				SWIFT_OPTIMIZATION_LEVEL = "-Owholemodule";
				VALIDATE_PRODUCT = YES;
			};
			name = Release;
		};
		BB1522D51EFD3CEA00DEDEA5 /* Debug */ = {
			isa = XCBuildConfiguration;
			baseConfigurationReference = CC52A95B505AFE32D7B3DEE0 /* Pods-TuneriOS.debug.xcconfig */;
			buildSettings = {
				ASSETCATALOG_COMPILER_APPICON_NAME = AppIcon;
				DEVELOPMENT_TEAM = 446V7WHT8W;
				INFOPLIST_FILE = TuneriOS/Info.plist;
				LD_RUNPATH_SEARCH_PATHS = "$(inherited) @executable_path/Frameworks";
				PRODUCT_BUNDLE_IDENTIFIER = com.subash.poudel.google.TuneriOS;
				PRODUCT_NAME = "$(TARGET_NAME)";
				SWIFT_VERSION = 3.0;
			};
			name = Debug;
		};
		BB1522D61EFD3CEA00DEDEA5 /* Release */ = {
			isa = XCBuildConfiguration;
			baseConfigurationReference = 94E483DD5A3F0F645A34F0A1 /* Pods-TuneriOS.release.xcconfig */;
			buildSettings = {
				ASSETCATALOG_COMPILER_APPICON_NAME = AppIcon;
				DEVELOPMENT_TEAM = 446V7WHT8W;
				INFOPLIST_FILE = TuneriOS/Info.plist;
				LD_RUNPATH_SEARCH_PATHS = "$(inherited) @executable_path/Frameworks";
				PRODUCT_BUNDLE_IDENTIFIER = com.subash.poudel.google.TuneriOS;
				PRODUCT_NAME = "$(TARGET_NAME)";
				SWIFT_VERSION = 3.0;
			};
			name = Release;
		};
/* End XCBuildConfiguration section */

/* Begin XCConfigurationList section */
		BB1522BD1EFD3CEA00DEDEA5 /* Build configuration list for PBXProject "TuneriOS" */ = {
			isa = XCConfigurationList;
			buildConfigurations = (
				BB1522D21EFD3CEA00DEDEA5 /* Debug */,
				BB1522D31EFD3CEA00DEDEA5 /* Release */,
			);
			defaultConfigurationIsVisible = 0;
			defaultConfigurationName = Release;
		};
		BB1522D41EFD3CEA00DEDEA5 /* Build configuration list for PBXNativeTarget "TuneriOS" */ = {
			isa = XCConfigurationList;
			buildConfigurations = (
				BB1522D51EFD3CEA00DEDEA5 /* Debug */,
				BB1522D61EFD3CEA00DEDEA5 /* Release */,
			);
			defaultConfigurationIsVisible = 0;
		};
/* End XCConfigurationList section */
	};
	rootObject = BB1522BA1EFD3CEA00DEDEA5 /* Project object */;
}
